# This file is automatically @generated by Cargo.
# It is not intended for manual editing.
[[package]]
name = "day02"
version = "0.1.0"

[[package]]
name = "day03"
version = "0.1.0"

[[package]]
name = "day04"
version = "0.1.0"
dependencies = [
 "md5 0.7.0 (registry+https://github.com/rust-lang/crates.io-index)",
]

[[package]]
name = "day05"
version = "0.1.0"
dependencies = [
 "itertools 0.8.2 (registry+https://github.com/rust-lang/crates.io-index)",
]

[[package]]
name = "day06"
version = "0.1.0"

[[package]]
name = "day07"
version = "0.1.0"

[[package]]
name = "day08"
version = "0.1.0"

[[package]]
name = "day09"
version = "0.1.0"
dependencies = [
 "smallvec 1.1.0 (registry+https://github.com/rust-lang/crates.io-index)",
]

[[package]]
name = "day10"
version = "0.1.0"

[[package]]
name = "day11"
version = "0.1.0"

[[package]]
name = "day12"
version = "0.1.0"
dependencies = [
 "json 0.12.0 (registry+https://github.com/rust-lang/crates.io-index)",
]

[[package]]
name = "day13"
version = "0.1.0"
dependencies = [
 "itertools 0.8.2 (registry+https://github.com/rust-lang/crates.io-index)",
]

[[package]]
name = "day14"
version = "0.1.0"

[[package]]
name = "day15"
version = "0.1.0"

[[package]]
name = "day16"
version = "0.1.0"
dependencies = [
 "itertools 0.8.2 (registry+https://github.com/rust-lang/crates.io-index)",
]

[[package]]
name = "day25"
version = "0.1.0"

[[package]]
name = "either"
version = "1.5.3"
source = "registry+https://github.com/rust-lang/crates.io-index"

[[package]]
name = "itertools"
version = "0.8.2"
source = "registry+https://github.com/rust-lang/crates.io-index"
dependencies = [
 "either 1.5.3 (registry+https://github.com/rust-lang/crates.io-index)",
]

[[package]]
name = "json"
version = "0.12.0"
source = "registry+https://github.com/rust-lang/crates.io-index"

[[package]]
name = "md5"
version = "0.7.0"
source = "registry+https://github.com/rust-lang/crates.io-index"

[[package]]
name = "smallvec"
version = "1.1.0"
source = "registry+https://github.com/rust-lang/crates.io-index"

[metadata]
"checksum either 1.5.3 (registry+https://github.com/rust-lang/crates.io-index)" = "bb1f6b1ce1c140482ea30ddd3335fc0024ac7ee112895426e0a629a6c20adfe3"
"checksum itertools 0.8.2 (registry+https://github.com/rust-lang/crates.io-index)" = "f56a2d0bc861f9165be4eb3442afd3c236d8a98afd426f65d92324ae1091a484"
"checksum json 0.12.0 (registry+https://github.com/rust-lang/crates.io-index)" = "b3ca41abbeb7615d56322a984e63be5e5d0a117dfaca86c14393e32a762ccac1"
"checksum md5 0.7.0 (registry+https://github.com/rust-lang/crates.io-index)" = "490cc448043f947bae3cbee9c203358d62dbee0db12107a74be5c30ccfd09771"
"checksum smallvec 1.1.0 (registry+https://github.com/rust-lang/crates.io-index)" = "44e59e0c9fa00817912ae6e4e6e3c4fe04455e75699d06eedc7d85917ed8e8f4"
