# This file is automatically @generated by Cargo.
# It is not intended for manual editing.
version = 3

[[package]]
name = "aho-corasick"
version = "0.7.6"
source = "registry+https://github.com/rust-lang/crates.io-index"
checksum = "58fb5e95d83b38284460a5fda7d6470aa0b8844d283a0b614b8535e880800d2d"
dependencies = [
 "memchr",
]

[[package]]
name = "assembunny"
version = "0.1.0"

[[package]]
name = "autocfg"
version = "0.1.7"
source = "registry+https://github.com/rust-lang/crates.io-index"
checksum = "1d49d90015b3c36167a20fe2810c5cd875ad504b39cff3d4eae7977e6b7c1cb2"

[[package]]
name = "day01"
version = "0.1.0"

[[package]]
name = "day02"
version = "0.1.0"

[[package]]
name = "day03"
version = "0.1.0"

[[package]]
name = "day04"
version = "0.1.0"
dependencies = [
 "regex",
]

[[package]]
name = "day05"
version = "0.1.0"
dependencies = [
 "md5",
]

[[package]]
name = "day06"
version = "0.1.0"

[[package]]
name = "day07"
version = "0.1.0"

[[package]]
name = "day08"
version = "0.1.0"

[[package]]
name = "day09"
version = "0.1.0"

[[package]]
name = "day10"
version = "0.1.0"

[[package]]
name = "day11"
version = "0.1.0"
dependencies = [
 "itertools",
 "priority-queue",
]

[[package]]
name = "day12"
version = "0.1.0"
dependencies = [
 "assembunny",
]

[[package]]
name = "day13"
version = "0.1.0"

[[package]]
name = "day14"
version = "0.1.0"
dependencies = [
 "md5",
]

[[package]]
name = "day15"
version = "0.1.0"

[[package]]
name = "day16"
version = "0.1.0"
dependencies = [
 "itertools",
]

[[package]]
name = "day17"
version = "0.1.0"
dependencies = [
 "md5",
]

[[package]]
name = "day18"
version = "0.1.0"

[[package]]
name = "day19"
version = "0.1.0"

[[package]]
name = "day20"
version = "0.1.0"

[[package]]
name = "day21"
version = "0.1.0"

[[package]]
name = "day22"
version = "0.1.0"

[[package]]
name = "day23"
version = "0.1.0"
dependencies = [
 "assembunny",
]

[[package]]
name = "day24"
version = "0.1.0"
dependencies = [
 "itertools",
]

[[package]]
name = "day25"
version = "0.1.0"
dependencies = [
 "assembunny",
]

[[package]]
name = "either"
version = "1.5.3"
source = "registry+https://github.com/rust-lang/crates.io-index"
checksum = "bb1f6b1ce1c140482ea30ddd3335fc0024ac7ee112895426e0a629a6c20adfe3"

[[package]]
name = "indexmap"
version = "1.3.0"
source = "registry+https://github.com/rust-lang/crates.io-index"
checksum = "712d7b3ea5827fcb9d4fda14bf4da5f136f0db2ae9c8f4bd4e2d1c6fde4e6db2"
dependencies = [
 "autocfg",
]

[[package]]
name = "itertools"
version = "0.8.2"
source = "registry+https://github.com/rust-lang/crates.io-index"
checksum = "f56a2d0bc861f9165be4eb3442afd3c236d8a98afd426f65d92324ae1091a484"
dependencies = [
 "either",
]

[[package]]
name = "lazy_static"
version = "1.4.0"
source = "registry+https://github.com/rust-lang/crates.io-index"
checksum = "e2abad23fbc42b3700f2f279844dc832adb2b2eb069b2df918f455c4e18cc646"

[[package]]
name = "md5"
version = "0.7.0"
source = "registry+https://github.com/rust-lang/crates.io-index"
checksum = "490cc448043f947bae3cbee9c203358d62dbee0db12107a74be5c30ccfd09771"

[[package]]
name = "memchr"
version = "2.2.1"
source = "registry+https://github.com/rust-lang/crates.io-index"
checksum = "88579771288728879b57485cc7d6b07d648c9f0141eb955f8ab7f9d45394468e"

[[package]]
name = "priority-queue"
version = "0.7.0"
source = "registry+https://github.com/rust-lang/crates.io-index"
checksum = "5a03dfae8e64d4aa651415e2a4321f9f09f2e388a2f8bec36bed03bc22c0b687"
dependencies = [
 "indexmap",
 "take_mut",
]

[[package]]
name = "regex"
version = "1.3.1"
source = "registry+https://github.com/rust-lang/crates.io-index"
checksum = "dc220bd33bdce8f093101afe22a037b8eb0e5af33592e6a9caafff0d4cb81cbd"
dependencies = [
 "aho-corasick",
 "memchr",
 "regex-syntax",
 "thread_local",
]

[[package]]
name = "regex-syntax"
version = "0.6.12"
source = "registry+https://github.com/rust-lang/crates.io-index"
checksum = "11a7e20d1cce64ef2fed88b66d347f88bd9babb82845b2b858f3edbf59a4f716"

[[package]]
name = "take_mut"
version = "0.2.2"
source = "registry+https://github.com/rust-lang/crates.io-index"
checksum = "f764005d11ee5f36500a149ace24e00e3da98b0158b3e2d53a7495660d3f4d60"

[[package]]
name = "thread_local"
version = "0.3.6"
source = "registry+https://github.com/rust-lang/crates.io-index"
checksum = "c6b53e329000edc2b34dbe8545fd20e55a333362d0a321909685a19bd28c3f1b"
dependencies = [
 "lazy_static",
]
