# This file is automatically @generated by Cargo.
# It is not intended for manual editing.
[[package]]
name = "aho-corasick"
version = "0.7.6"
source = "registry+https://github.com/rust-lang/crates.io-index"
dependencies = [
 "memchr 2.2.1 (registry+https://github.com/rust-lang/crates.io-index)",
]

[[package]]
name = "autocfg"
version = "0.1.7"
source = "registry+https://github.com/rust-lang/crates.io-index"

[[package]]
name = "day03"
version = "0.1.0"

[[package]]
name = "day04"
version = "0.1.0"
dependencies = [
 "regex 1.3.1 (registry+https://github.com/rust-lang/crates.io-index)",
]

[[package]]
name = "day05"
version = "0.1.0"
dependencies = [
 "md5 0.7.0 (registry+https://github.com/rust-lang/crates.io-index)",
]

[[package]]
name = "day06"
version = "0.1.0"

[[package]]
name = "day07"
version = "0.1.0"

[[package]]
name = "day08"
version = "0.1.0"

[[package]]
name = "day09"
version = "0.1.0"

[[package]]
name = "day10"
version = "0.1.0"

[[package]]
name = "day11"
version = "0.1.0"
dependencies = [
 "itertools 0.8.2 (registry+https://github.com/rust-lang/crates.io-index)",
 "priority-queue 0.7.0 (registry+https://github.com/rust-lang/crates.io-index)",
]

[[package]]
name = "day12"
version = "0.1.0"

[[package]]
name = "day13"
version = "0.1.0"

[[package]]
name = "day14"
version = "0.1.0"
dependencies = [
 "md5 0.7.0 (registry+https://github.com/rust-lang/crates.io-index)",
]

[[package]]
name = "day15"
version = "0.1.0"

[[package]]
name = "day16"
version = "0.1.0"
dependencies = [
 "itertools 0.8.2 (registry+https://github.com/rust-lang/crates.io-index)",
]

[[package]]
name = "day17"
version = "0.1.0"

[[package]]
name = "day18"
version = "0.1.0"

[[package]]
name = "day19"
version = "0.1.0"

[[package]]
name = "day20"
version = "0.1.0"

[[package]]
name = "day21"
version = "0.1.0"

[[package]]
name = "day22"
version = "0.1.0"

[[package]]
name = "day23"
version = "0.1.0"

[[package]]
name = "day24"
version = "0.1.0"

[[package]]
name = "day25"
version = "0.1.0"

[[package]]
name = "either"
version = "1.5.3"
source = "registry+https://github.com/rust-lang/crates.io-index"

[[package]]
name = "indexmap"
version = "1.3.0"
source = "registry+https://github.com/rust-lang/crates.io-index"
dependencies = [
 "autocfg 0.1.7 (registry+https://github.com/rust-lang/crates.io-index)",
]

[[package]]
name = "itertools"
version = "0.8.2"
source = "registry+https://github.com/rust-lang/crates.io-index"
dependencies = [
 "either 1.5.3 (registry+https://github.com/rust-lang/crates.io-index)",
]

[[package]]
name = "lazy_static"
version = "1.4.0"
source = "registry+https://github.com/rust-lang/crates.io-index"

[[package]]
name = "md5"
version = "0.7.0"
source = "registry+https://github.com/rust-lang/crates.io-index"

[[package]]
name = "memchr"
version = "2.2.1"
source = "registry+https://github.com/rust-lang/crates.io-index"

[[package]]
name = "priority-queue"
version = "0.7.0"
source = "registry+https://github.com/rust-lang/crates.io-index"
dependencies = [
 "indexmap 1.3.0 (registry+https://github.com/rust-lang/crates.io-index)",
 "take_mut 0.2.2 (registry+https://github.com/rust-lang/crates.io-index)",
]

[[package]]
name = "regex"
version = "1.3.1"
source = "registry+https://github.com/rust-lang/crates.io-index"
dependencies = [
 "aho-corasick 0.7.6 (registry+https://github.com/rust-lang/crates.io-index)",
 "memchr 2.2.1 (registry+https://github.com/rust-lang/crates.io-index)",
 "regex-syntax 0.6.12 (registry+https://github.com/rust-lang/crates.io-index)",
 "thread_local 0.3.6 (registry+https://github.com/rust-lang/crates.io-index)",
]

[[package]]
name = "regex-syntax"
version = "0.6.12"
source = "registry+https://github.com/rust-lang/crates.io-index"

[[package]]
name = "take_mut"
version = "0.2.2"
source = "registry+https://github.com/rust-lang/crates.io-index"

[[package]]
name = "thread_local"
version = "0.3.6"
source = "registry+https://github.com/rust-lang/crates.io-index"
dependencies = [
 "lazy_static 1.4.0 (registry+https://github.com/rust-lang/crates.io-index)",
]

[metadata]
"checksum aho-corasick 0.7.6 (registry+https://github.com/rust-lang/crates.io-index)" = "58fb5e95d83b38284460a5fda7d6470aa0b8844d283a0b614b8535e880800d2d"
"checksum autocfg 0.1.7 (registry+https://github.com/rust-lang/crates.io-index)" = "1d49d90015b3c36167a20fe2810c5cd875ad504b39cff3d4eae7977e6b7c1cb2"
"checksum either 1.5.3 (registry+https://github.com/rust-lang/crates.io-index)" = "bb1f6b1ce1c140482ea30ddd3335fc0024ac7ee112895426e0a629a6c20adfe3"
"checksum indexmap 1.3.0 (registry+https://github.com/rust-lang/crates.io-index)" = "712d7b3ea5827fcb9d4fda14bf4da5f136f0db2ae9c8f4bd4e2d1c6fde4e6db2"
"checksum itertools 0.8.2 (registry+https://github.com/rust-lang/crates.io-index)" = "f56a2d0bc861f9165be4eb3442afd3c236d8a98afd426f65d92324ae1091a484"
"checksum lazy_static 1.4.0 (registry+https://github.com/rust-lang/crates.io-index)" = "e2abad23fbc42b3700f2f279844dc832adb2b2eb069b2df918f455c4e18cc646"
"checksum md5 0.7.0 (registry+https://github.com/rust-lang/crates.io-index)" = "490cc448043f947bae3cbee9c203358d62dbee0db12107a74be5c30ccfd09771"
"checksum memchr 2.2.1 (registry+https://github.com/rust-lang/crates.io-index)" = "88579771288728879b57485cc7d6b07d648c9f0141eb955f8ab7f9d45394468e"
"checksum priority-queue 0.7.0 (registry+https://github.com/rust-lang/crates.io-index)" = "5a03dfae8e64d4aa651415e2a4321f9f09f2e388a2f8bec36bed03bc22c0b687"
"checksum regex 1.3.1 (registry+https://github.com/rust-lang/crates.io-index)" = "dc220bd33bdce8f093101afe22a037b8eb0e5af33592e6a9caafff0d4cb81cbd"
"checksum regex-syntax 0.6.12 (registry+https://github.com/rust-lang/crates.io-index)" = "11a7e20d1cce64ef2fed88b66d347f88bd9babb82845b2b858f3edbf59a4f716"
"checksum take_mut 0.2.2 (registry+https://github.com/rust-lang/crates.io-index)" = "f764005d11ee5f36500a149ace24e00e3da98b0158b3e2d53a7495660d3f4d60"
"checksum thread_local 0.3.6 (registry+https://github.com/rust-lang/crates.io-index)" = "c6b53e329000edc2b34dbe8545fd20e55a333362d0a321909685a19bd28c3f1b"
