# This file is automatically @generated by Cargo.
# It is not intended for manual editing.
[[package]]
name = "aho-corasick"
version = "0.7.15"
source = "registry+https://github.com/rust-lang/crates.io-index"
checksum = "7404febffaa47dac81aa44dba71523c9d069b1bdc50a77db41195149e17f68e5"
dependencies = [
 "memchr",
]

[[package]]
name = "arrayvec"
version = "0.5.2"
source = "registry+https://github.com/rust-lang/crates.io-index"
checksum = "23b62fc65de8e4e7f52534fb52b0f3ed04746ae267519eef2a83941e8085068b"

[[package]]
name = "day01"
version = "0.1.0"

[[package]]
name = "day02"
version = "0.1.0"
dependencies = [
 "parse-display",
]

[[package]]
name = "day03"
version = "0.1.0"

[[package]]
name = "day04"
version = "0.1.0"
dependencies = [
 "lazy_static",
 "regex",
]

[[package]]
name = "day05"
version = "0.1.0"

[[package]]
name = "day06"
version = "0.1.0"

[[package]]
name = "day07"
version = "0.1.0"

[[package]]
name = "day08"
version = "0.1.0"

[[package]]
name = "day09"
version = "0.1.0"

[[package]]
name = "day10"
version = "0.1.0"

[[package]]
name = "day11"
version = "0.1.0"
dependencies = [
 "arrayvec",
]

[[package]]
name = "day12"
version = "0.1.0"

[[package]]
name = "day13"
version = "0.1.0"

[[package]]
name = "day14"
version = "0.1.0"
dependencies = [
 "regex",
]

[[package]]
name = "day15"
version = "0.1.0"

[[package]]
name = "day16"
version = "0.1.0"
dependencies = [
 "lazy_static",
 "regex",
]

[[package]]
name = "day17"
version = "0.1.0"
dependencies = [
 "itertools",
]

[[package]]
name = "day18"
version = "0.1.0"

[[package]]
name = "either"
version = "1.6.1"
source = "registry+https://github.com/rust-lang/crates.io-index"
checksum = "e78d4f1cc4ae33bbfc157ed5d5a5ef3bc29227303d595861deb238fcec4e9457"

[[package]]
name = "itertools"
version = "0.9.0"
source = "registry+https://github.com/rust-lang/crates.io-index"
checksum = "284f18f85651fe11e8a991b2adb42cb078325c996ed026d994719efcfca1d54b"
dependencies = [
 "either",
]

[[package]]
name = "lazy_static"
version = "1.4.0"
source = "registry+https://github.com/rust-lang/crates.io-index"
checksum = "e2abad23fbc42b3700f2f279844dc832adb2b2eb069b2df918f455c4e18cc646"

[[package]]
name = "memchr"
version = "2.3.4"
source = "registry+https://github.com/rust-lang/crates.io-index"
checksum = "0ee1c47aaa256ecabcaea351eae4a9b01ef39ed810004e298d2511ed284b1525"

[[package]]
name = "once_cell"
version = "1.5.2"
source = "registry+https://github.com/rust-lang/crates.io-index"
checksum = "13bd41f508810a131401606d54ac32a467c97172d74ba7662562ebba5ad07fa0"

[[package]]
name = "parse-display"
version = "0.4.0"
source = "registry+https://github.com/rust-lang/crates.io-index"
checksum = "12035532e456d9f4f59fcfa3834dc5f45b391d9029f5287292bf41960b05ce91"
dependencies = [
 "once_cell",
 "parse-display-derive",
 "regex",
]

[[package]]
name = "parse-display-derive"
version = "0.4.0"
source = "registry+https://github.com/rust-lang/crates.io-index"
checksum = "449f5881ab953fa168d60a57dd182a3e1fdeff16bb9bdd309145fbd8f32326ec"
dependencies = [
 "once_cell",
 "proc-macro2",
 "quote",
 "regex",
 "regex-syntax",
 "syn",
]

[[package]]
name = "proc-macro2"
version = "1.0.24"
source = "registry+https://github.com/rust-lang/crates.io-index"
checksum = "1e0704ee1a7e00d7bb417d0770ea303c1bccbabf0ef1667dae92b5967f5f8a71"
dependencies = [
 "unicode-xid",
]

[[package]]
name = "quote"
version = "1.0.7"
source = "registry+https://github.com/rust-lang/crates.io-index"
checksum = "aa563d17ecb180e500da1cfd2b028310ac758de548efdd203e18f283af693f37"
dependencies = [
 "proc-macro2",
]

[[package]]
name = "regex"
version = "1.4.2"
source = "registry+https://github.com/rust-lang/crates.io-index"
checksum = "38cf2c13ed4745de91a5eb834e11c00bcc3709e773173b2ce4c56c9fbde04b9c"
dependencies = [
 "aho-corasick",
 "memchr",
 "regex-syntax",
 "thread_local",
]

[[package]]
name = "regex-syntax"
version = "0.6.21"
source = "registry+https://github.com/rust-lang/crates.io-index"
checksum = "3b181ba2dcf07aaccad5448e8ead58db5b742cf85dfe035e2227f137a539a189"

[[package]]
name = "syn"
version = "1.0.53"
source = "registry+https://github.com/rust-lang/crates.io-index"
checksum = "8833e20724c24de12bbaba5ad230ea61c3eafb05b881c7c9d3cfe8638b187e68"
dependencies = [
 "proc-macro2",
 "quote",
 "unicode-xid",
]

[[package]]
name = "thread_local"
version = "1.0.1"
source = "registry+https://github.com/rust-lang/crates.io-index"
checksum = "d40c6d1b69745a6ec6fb1ca717914848da4b44ae29d9b3080cbee91d72a69b14"
dependencies = [
 "lazy_static",
]

[[package]]
name = "unicode-xid"
version = "0.2.1"
source = "registry+https://github.com/rust-lang/crates.io-index"
checksum = "f7fe0bb3479651439c9112f72b6c505038574c9fbb575ed1bf3b797fa39dd564"
